// !$*UTF8*$!
{
	archiveVersion = 1;
	classes = {
	};
	objectVersion = 55;
	objects = {

/* Begin PBXBuildFile section */
		3850358328CFFB4800D16509 /* MovieCell.swift in Sources */ = {isa = PBXBuildFile; fileRef = 3850358228CFFB4800D16509 /* MovieCell.swift */; };
		389B6D7128C93AAD00F4AAB0 /* AppDelegate.swift in Sources */ = {isa = PBXBuildFile; fileRef = 389B6D7028C93AAD00F4AAB0 /* AppDelegate.swift */; };
		389B6D7328C93AAD00F4AAB0 /* SceneDelegate.swift in Sources */ = {isa = PBXBuildFile; fileRef = 389B6D7228C93AAD00F4AAB0 /* SceneDelegate.swift */; };
		389B6D7528C93AAD00F4AAB0 /* MoviesViewController.swift in Sources */ = {isa = PBXBuildFile; fileRef = 389B6D7428C93AAD00F4AAB0 /* MoviesViewController.swift */; };
		389B6D7828C93AAD00F4AAB0 /* Main.storyboard in Resources */ = {isa = PBXBuildFile; fileRef = 389B6D7628C93AAD00F4AAB0 /* Main.storyboard */; };
		389B6D7A28C93AAF00F4AAB0 /* Assets.xcassets in Resources */ = {isa = PBXBuildFile; fileRef = 389B6D7928C93AAF00F4AAB0 /* Assets.xcassets */; };
		389B6D7D28C93AAF00F4AAB0 /* LaunchScreen.storyboard in Resources */ = {isa = PBXBuildFile; fileRef = 389B6D7B28C93AAF00F4AAB0 /* LaunchScreen.storyboard */; };
		38B3A17328D11EC20080BFEE /* AlamofireImage in Frameworks */ = {isa = PBXBuildFile; productRef = 38B3A17228D11EC20080BFEE /* AlamofireImage */; };
		38B3A17528D168B40080BFEE /* MovieDetailsViewController.swift in Sources */ = {isa = PBXBuildFile; fileRef = 38B3A17428D168B40080BFEE /* MovieDetailsViewController.swift */; };
		38B3A17728D185540080BFEE /* MovieGridViewController.swift in Sources */ = {isa = PBXBuildFile; fileRef = 38B3A17628D185540080BFEE /* MovieGridViewController.swift */; };
		38B3A17928D26A4C0080BFEE /* MovieGridCell.swift in Sources */ = {isa = PBXBuildFile; fileRef = 38B3A17828D26A4C0080BFEE /* MovieGridCell.swift */; };
/* End PBXBuildFile section */

/* Begin PBXFileReference section */
		3850358228CFFB4800D16509 /* MovieCell.swift */ = {isa = PBXFileReference; lastKnownFileType = sourcecode.swift; path = MovieCell.swift; sourceTree = "<group>"; };
		389B6D6D28C93AAD00F4AAB0 /* Flix.app */ = {isa = PBXFileReference; explicitFileType = wrapper.application; includeInIndex = 0; path = Flix.app; sourceTree = BUILT_PRODUCTS_DIR; };
		389B6D7028C93AAD00F4AAB0 /* AppDelegate.swift */ = {isa = PBXFileReference; lastKnownFileType = sourcecode.swift; path = AppDelegate.swift; sourceTree = "<group>"; };
		389B6D7228C93AAD00F4AAB0 /* SceneDelegate.swift */ = {isa = PBXFileReference; lastKnownFileType = sourcecode.swift; path = SceneDelegate.swift; sourceTree = "<group>"; };
		389B6D7428C93AAD00F4AAB0 /* MoviesViewController.swift */ = {isa = PBXFileReference; lastKnownFileType = sourcecode.swift; path = MoviesViewController.swift; sourceTree = "<group>"; };
		389B6D7728C93AAD00F4AAB0 /* Base */ = {isa = PBXFileReference; lastKnownFileType = file.storyboard; name = Base; path = Base.lproj/Main.storyboard; sourceTree = "<group>"; };
		389B6D7928C93AAF00F4AAB0 /* Assets.xcassets */ = {isa = PBXFileReference; lastKnownFileType = folder.assetcatalog; path = Assets.xcassets; sourceTree = "<group>"; };
		389B6D7C28C93AAF00F4AAB0 /* Base */ = {isa = PBXFileReference; lastKnownFileType = file.storyboard; name = Base; path = Base.lproj/LaunchScreen.storyboard; sourceTree = "<group>"; };
		389B6D7E28C93AAF00F4AAB0 /* Info.plist */ = {isa = PBXFileReference; lastKnownFileType = text.plist.xml; path = Info.plist; sourceTree = "<group>"; };
		38B3A17428D168B40080BFEE /* MovieDetailsViewController.swift */ = {isa = PBXFileReference; lastKnownFileType = sourcecode.swift; path = MovieDetailsViewController.swift; sourceTree = "<group>"; };
		38B3A17628D185540080BFEE /* MovieGridViewController.swift */ = {isa = PBXFileReference; lastKnownFileType = sourcecode.swift; path = MovieGridViewController.swift; sourceTree = "<group>"; };
		38B3A17828D26A4C0080BFEE /* MovieGridCell.swift */ = {isa = PBXFileReference; lastKnownFileType = sourcecode.swift; path = MovieGridCell.swift; sourceTree = "<group>"; };
/* End PBXFileReference section */

/* Begin PBXFrameworksBuildPhase section */
		389B6D6A28C93AAD00F4AAB0 /* Frameworks */ = {
			isa = PBXFrameworksBuildPhase;
			buildActionMask = 2147483647;
			files = (
				38B3A17328D11EC20080BFEE /* AlamofireImage in Frameworks */,
			);
			runOnlyForDeploymentPostprocessing = 0;
		};
/* End PBXFrameworksBuildPhase section */

/* Begin PBXGroup section */
		389B6D6428C93AAD00F4AAB0 = {
			isa = PBXGroup;
			children = (
				389B6D6F28C93AAD00F4AAB0 /* Flix */,
				389B6D6E28C93AAD00F4AAB0 /* Products */,
			);
			sourceTree = "<group>";
		};
		389B6D6E28C93AAD00F4AAB0 /* Products */ = {
			isa = PBXGroup;
			children = (
				389B6D6D28C93AAD00F4AAB0 /* Flix.app */,
			);
			name = Products;
			sourceTree = "<group>";
		};
		389B6D6F28C93AAD00F4AAB0 /* Flix */ = {
			isa = PBXGroup;
			children = (
				389B6D7028C93AAD00F4AAB0 /* AppDelegate.swift */,
				389B6D7228C93AAD00F4AAB0 /* SceneDelegate.swift */,
				389B6D7428C93AAD00F4AAB0 /* MoviesViewController.swift */,
				3850358228CFFB4800D16509 /* MovieCell.swift */,
				389B6D7628C93AAD00F4AAB0 /* Main.storyboard */,
				38B3A17828D26A4C0080BFEE /* MovieGridCell.swift */,
				38B3A17628D185540080BFEE /* MovieGridViewController.swift */,
				38B3A17428D168B40080BFEE /* MovieDetailsViewController.swift */,
				389B6D7928C93AAF00F4AAB0 /* Assets.xcassets */,
				389B6D7B28C93AAF00F4AAB0 /* LaunchScreen.storyboard */,
				389B6D7E28C93AAF00F4AAB0 /* Info.plist */,
			);
			path = Flix;
			sourceTree = "<group>";
		};
/* End PBXGroup section */

/* Begin PBXNativeTarget section */
		389B6D6C28C93AAD00F4AAB0 /* Flix */ = {
			isa = PBXNativeTarget;
			buildConfigurationList = 389B6D8128C93AAF00F4AAB0 /* Build configuration list for PBXNativeTarget "Flix" */;
			buildPhases = (
				389B6D6928C93AAD00F4AAB0 /* Sources */,
				389B6D6A28C93AAD00F4AAB0 /* Frameworks */,
				389B6D6B28C93AAD00F4AAB0 /* Resources */,
			);
			buildRules = (
			);
			dependencies = (
			);
			name = Flix;
			packageProductDependencies = (
				38B3A17228D11EC20080BFEE /* AlamofireImage */,
			);
			productName = Flix;
			productReference = 389B6D6D28C93AAD00F4AAB0 /* Flix.app */;
			productType = "com.apple.product-type.application";
		};
/* End PBXNativeTarget section */

/* Begin PBXProject section */
		389B6D6528C93AAD00F4AAB0 /* Project object */ = {
			isa = PBXProject;
			attributes = {
				BuildIndependentTargetsInParallel = 1;
				LastSwiftUpdateCheck = 1340;
				LastUpgradeCheck = 1340;
				TargetAttributes = {
					389B6D6C28C93AAD00F4AAB0 = {
						CreatedOnToolsVersion = 13.4.1;
					};
				};
			};
			buildConfigurationList = 389B6D6828C93AAD00F4AAB0 /* Build configuration list for PBXProject "Flix" */;
			compatibilityVersion = "Xcode 13.0";
			developmentRegion = en;
			hasScannedForEncodings = 0;
			knownRegions = (
				en,
				Base,
			);
			mainGroup = 389B6D6428C93AAD00F4AAB0;
			packageReferences = (
				38B3A17128D11EC20080BFEE /* XCRemoteSwiftPackageReference "AlamofireImage" */,
			);
			productRefGroup = 389B6D6E28C93AAD00F4AAB0 /* Products */;
			projectDirPath = "";
			projectRoot = "";
			targets = (
				389B6D6C28C93AAD00F4AAB0 /* Flix */,
			);
		};
/* End PBXProject section */

/* Begin PBXResourcesBuildPhase section */
		389B6D6B28C93AAD00F4AAB0 /* Resources */ = {
			isa = PBXResourcesBuildPhase;
			buildActionMask = 2147483647;
			files = (
				389B6D7D28C93AAF00F4AAB0 /* LaunchScreen.storyboard in Resources */,
				389B6D7A28C93AAF00F4AAB0 /* Assets.xcassets in Resources */,
				389B6D7828C93AAD00F4AAB0 /* Main.storyboard in Resources */,
			);
			runOnlyForDeploymentPostprocessing = 0;
		};
/* End PBXResourcesBuildPhase section */

/* Begin PBXSourcesBuildPhase section */
		389B6D6928C93AAD00F4AAB0 /* Sources */ = {
			isa = PBXSourcesBuildPhase;
			buildActionMask = 2147483647;
			files = (
				38B3A17528D168B40080BFEE /* MovieDetailsViewController.swift in Sources */,
				389B6D7528C93AAD00F4AAB0 /* MoviesViewController.swift in Sources */,
				389B6D7128C93AAD00F4AAB0 /* AppDelegate.swift in Sources */,
				3850358328CFFB4800D16509 /* MovieCell.swift in Sources */,
				389B6D7328C93AAD00F4AAB0 /* SceneDelegate.swift in Sources */,
				38B3A17728D185540080BFEE /* MovieGridViewController.swift in Sources */,
				38B3A17928D26A4C0080BFEE /* MovieGridCell.swift in Sources */,
			);
			runOnlyForDeploymentPostprocessing = 0;
		};
/* End PBXSourcesBuildPhase section */

/* Begin PBXVariantGroup section */
		389B6D7628C93AAD00F4AAB0 /* Main.storyboard */ = {
			isa = PBXVariantGroup;
			children = (
				389B6D7728C93AAD00F4AAB0 /* Base */,
			);
			name = Main.storyboard;
			sourceTree = "<group>";
		};
		389B6D7B28C93AAF00F4AAB0 /* LaunchScreen.storyboard */ = {
			isa = PBXVariantGroup;
			children = (
				389B6D7C28C93AAF00F4AAB0 /* Base */,
			);
			name = LaunchScreen.storyboard;
			sourceTree = "<group>";
		};
/* End PBXVariantGroup section */

/* Begin XCBuildConfiguration section */
		389B6D7F28C93AAF00F4AAB0 /* Debug */ = {
			isa = XCBuildConfiguration;
			buildSettings = {
				ALWAYS_SEARCH_USER_PATHS = NO;
				CLANG_ANALYZER_NONNULL = YES;
				CLANG_ANALYZER_NUMBER_OBJECT_CONVERSION = YES_AGGRESSIVE;
				CLANG_CXX_LANGUAGE_STANDARD = "gnu++17";
				CLANG_ENABLE_MODULES = YES;
				CLANG_ENABLE_OBJC_ARC = YES;
				CLANG_ENABLE_OBJC_WEAK = YES;
				CLANG_WARN_BLOCK_CAPTURE_AUTORELEASING = YES;
				CLANG_WARN_BOOL_CONVERSION = YES;
				CLANG_WARN_COMMA = YES;
				CLANG_WARN_CONSTANT_CONVERSION = YES;
				CLANG_WARN_DEPRECATED_OBJC_IMPLEMENTATIONS = YES;
				CLANG_WARN_DIRECT_OBJC_ISA_USAGE = YES_ERROR;
				CLANG_WARN_DOCUMENTATION_COMMENTS = YES;
				CLANG_WARN_EMPTY_BODY = YES;
				CLANG_WARN_ENUM_CONVERSION = YES;
				CLANG_WARN_INFINITE_RECURSION = YES;
				CLANG_WARN_INT_CONVERSION = YES;
				CLANG_WARN_NON_LITERAL_NULL_CONVERSION = YES;
				CLANG_WARN_OBJC_IMPLICIT_RETAIN_SELF = YES;
				CLANG_WARN_OBJC_LITERAL_CONVERSION = YES;
				CLANG_WARN_OBJC_ROOT_CLASS = YES_ERROR;
				CLANG_WARN_QUOTED_INCLUDE_IN_FRAMEWORK_HEADER = YES;
				CLANG_WARN_RANGE_LOOP_ANALYSIS = YES;
				CLANG_WARN_STRICT_PROTOTYPES = YES;
				CLANG_WARN_SUSPICIOUS_MOVE = YES;
				CLANG_WARN_UNGUARDED_AVAILABILITY = YES_AGGRESSIVE;
				CLANG_WARN_UNREACHABLE_CODE = YES;
				CLANG_WARN__DUPLICATE_METHOD_MATCH = YES;
				COPY_PHASE_STRIP = NO;
				DEBUG_INFORMATION_FORMAT = dwarf;
				ENABLE_STRICT_OBJC_MSGSEND = YES;
				ENABLE_TESTABILITY = YES;
				GCC_C_LANGUAGE_STANDARD = gnu11;
				GCC_DYNAMIC_NO_PIC = NO;
				GCC_NO_COMMON_BLOCKS = YES;
				GCC_OPTIMIZATION_LEVEL = 0;
				GCC_PREPROCESSOR_DEFINITIONS = (
					"DEBUG=1",
					"$(inherited)",
				);
				GCC_WARN_64_TO_32_BIT_CONVERSION = YES;
				GCC_WARN_ABOUT_RETURN_TYPE = YES_ERROR;
				GCC_WARN_UNDECLARED_SELECTOR = YES;
				GCC_WARN_UNINITIALIZED_AUTOS = YES_AGGRESSIVE;
				GCC_WARN_UNUSED_FUNCTION = YES;
				GCC_WARN_UNUSED_VARIABLE = YES;
				IPHONEOS_DEPLOYMENT_TARGET = 15.5;
				MTL_ENABLE_DEBUG_INFO = INCLUDE_SOURCE;
				MTL_FAST_MATH = YES;
				ONLY_ACTIVE_ARCH = YES;
				SDKROOT = iphoneos;
				SWIFT_ACTIVE_COMPILATION_CONDITIONS = DEBUG;
				SWIFT_OPTIMIZATION_LEVEL = "-Onone";
			};
			name = Debug;
		};
		389B6D8028C93AAF00F4AAB0 /* Release */ = {
			isa = XCBuildConfiguration;
			buildSettings = {
				ALWAYS_SEARCH_USER_PATHS = NO;
				CLANG_ANALYZER_NONNULL = YES;
				CLANG_ANALYZER_NUMBER_OBJECT_CONVERSION = YES_AGGRESSIVE;
				CLANG_CXX_LANGUAGE_STANDARD = "gnu++17";
				CLANG_ENABLE_MODULES = YES;
				CLANG_ENABLE_OBJC_ARC = YES;
				CLANG_ENABLE_OBJC_WEAK = YES;
				CLANG_WARN_BLOCK_CAPTURE_AUTORELEASING = YES;
				CLANG_WARN_BOOL_CONVERSION = YES;
				CLANG_WARN_COMMA = YES;
				CLANG_WARN_CONSTANT_CONVERSION = YES;
				CLANG_WARN_DEPRECATED_OBJC_IMPLEMENTATIONS = YES;
				CLANG_WARN_DIRECT_OBJC_ISA_USAGE = YES_ERROR;
				CLANG_WARN_DOCUMENTATION_COMMENTS = YES;
				CLANG_WARN_EMPTY_BODY = YES;
				CLANG_WARN_ENUM_CONVERSION = YES;
				CLANG_WARN_INFINITE_RECURSION = YES;
				CLANG_WARN_INT_CONVERSION = YES;
				CLANG_WARN_NON_LITERAL_NULL_CONVERSION = YES;
				CLANG_WARN_OBJC_IMPLICIT_RETAIN_SELF = YES;
				CLANG_WARN_OBJC_LITERAL_CONVERSION = YES;
				CLANG_WARN_OBJC_ROOT_CLASS = YES_ERROR;
				CLANG_WARN_QUOTED_INCLUDE_IN_FRAMEWORK_HEADER = YES;
				CLANG_WARN_RANGE_LOOP_ANALYSIS = YES;
				CLANG_WARN_STRICT_PROTOTYPES = YES;
				CLANG_WARN_SUSPICIOUS_MOVE = YES;
				CLANG_WARN_UNGUARDED_AVAILABILITY = YES_AGGRESSIVE;
				CLANG_WARN_UNREACHABLE_CODE = YES;
				CLANG_WARN__DUPLICATE_METHOD_MATCH = YES;
				COPY_PHASE_STRIP = NO;
				DEBUG_INFORMATION_FORMAT = "dwarf-with-dsym";
				ENABLE_NS_ASSERTIONS = NO;
				ENABLE_STRICT_OBJC_MSGSEND = YES;
				GCC_C_LANGUAGE_STANDARD = gnu11;
				GCC_NO_COMMON_BLOCKS = YES;
				GCC_WARN_64_TO_32_BIT_CONVERSION = YES;
				GCC_WARN_ABOUT_RETURN_TYPE = YES_ERROR;
				GCC_WARN_UNDECLARED_SELECTOR = YES;
				GCC_WARN_UNINITIALIZED_AUTOS = YES_AGGRESSIVE;
				GCC_WARN_UNUSED_FUNCTION = YES;
				GCC_WARN_UNUSED_VARIABLE = YES;
				IPHONEOS_DEPLOYMENT_TARGET = 15.5;
				MTL_ENABLE_DEBUG_INFO = NO;
				MTL_FAST_MATH = YES;
				SDKROOT = iphoneos;
				SWIFT_COMPILATION_MODE = wholemodule;
				SWIFT_OPTIMIZATION_LEVEL = "-O";
				VALIDATE_PRODUCT = YES;
			};
			name = Release;
		};
		389B6D8228C93AAF00F4AAB0 /* Debug */ = {
			isa = XCBuildConfiguration;
			buildSettings = {
				ASSETCATALOG_COMPILER_APPICON_NAME = AppIcon;
				ASSETCATALOG_COMPILER_GLOBAL_ACCENT_COLOR_NAME = AccentColor;
				CODE_SIGN_STYLE = Automatic;
				CURRENT_PROJECT_VERSION = 1;
				DEVELOPMENT_TEAM = A9P7QP9A7P;
				GENERATE_INFOPLIST_FILE = YES;
				INFOPLIST_FILE = Flix/Info.plist;
				INFOPLIST_KEY_UIApplicationSupportsIndirectInputEvents = YES;
				INFOPLIST_KEY_UILaunchStoryboardName = LaunchScreen;
				INFOPLIST_KEY_UIMainStoryboardFile = Main;
				INFOPLIST_KEY_UISupportedInterfaceOrientations_iPad = "UIInterfaceOrientationPortrait UIInterfaceOrientationPortraitUpsideDown UIInterfaceOrientationLandscapeLeft UIInterfaceOrientationLandscapeRight";
				INFOPLIST_KEY_UISupportedInterfaceOrientations_iPhone = "UIInterfaceOrientationPortrait UIInterfaceOrientationLandscapeLeft UIInterfaceOrientationLandscapeRight";
				LD_RUNPATH_SEARCH_PATHS = (
					"$(inherited)",
					"@executable_path/Frameworks",
				);
				MARKETING_VERSION = 1.0;
				PRODUCT_BUNDLE_IDENTIFIER = com.Dnelson.Flix;
				PRODUCT_NAME = "$(TARGET_NAME)";
				SWIFT_EMIT_LOC_STRINGS = YES;
				SWIFT_VERSION = 5.0;
				TARGETED_DEVICE_FAMILY = "1,2";
			};
			name = Debug;
		};
		389B6D8328C93AAF00F4AAB0 /* Release */ = {
			isa = XCBuildConfiguration;
			buildSettings = {
				ASSETCATALOG_COMPILER_APPICON_NAME = AppIcon;
				ASSETCATALOG_COMPILER_GLOBAL_ACCENT_COLOR_NAME = AccentColor;
				CODE_SIGN_STYLE = Automatic;
				CURRENT_PROJECT_VERSION = 1;
				DEVELOPMENT_TEAM = A9P7QP9A7P;
				GENERATE_INFOPLIST_FILE = YES;
				INFOPLIST_FILE = Flix/Info.plist;
				INFOPLIST_KEY_UIApplicationSupportsIndirectInputEvents = YES;
				INFOPLIST_KEY_UILaunchStoryboardName = LaunchScreen;
				INFOPLIST_KEY_UIMainStoryboardFile = Main;
				INFOPLIST_KEY_UISupportedInterfaceOrientations_iPad = "UIInterfaceOrientationPortrait UIInterfaceOrientationPortraitUpsideDown UIInterfaceOrientationLandscapeLeft UIInterfaceOrientationLandscapeRight";
				INFOPLIST_KEY_UISupportedInterfaceOrientations_iPhone = "UIInterfaceOrientationPortrait UIInterfaceOrientationLandscapeLeft UIInterfaceOrientationLandscapeRight";
				LD_RUNPATH_SEARCH_PATHS = (
					"$(inherited)",
					"@executable_path/Frameworks",
				);
				MARKETING_VERSION = 1.0;
				PRODUCT_BUNDLE_IDENTIFIER = com.Dnelson.Flix;
				PRODUCT_NAME = "$(TARGET_NAME)";
				SWIFT_EMIT_LOC_STRINGS = YES;
				SWIFT_VERSION = 5.0;
				TARGETED_DEVICE_FAMILY = "1,2";
			};
			name = Release;
		};
/* End XCBuildConfiguration section */

/* Begin XCConfigurationList section */
		389B6D6828C93AAD00F4AAB0 /* Build configuration list for PBXProject "Flix" */ = {
			isa = XCConfigurationList;
			buildConfigurations = (
				389B6D7F28C93AAF00F4AAB0 /* Debug */,
				389B6D8028C93AAF00F4AAB0 /* Release */,
			);
			defaultConfigurationIsVisible = 0;
			defaultConfigurationName = Release;
		};
		389B6D8128C93AAF00F4AAB0 /* Build configuration list for PBXNativeTarget "Flix" */ = {
			isa = XCConfigurationList;
			buildConfigurations = (
				389B6D8228C93AAF00F4AAB0 /* Debug */,
				389B6D8328C93AAF00F4AAB0 /* Release */,
			);
			defaultConfigurationIsVisible = 0;
			defaultConfigurationName = Release;
		};
/* End XCConfigurationList section */

/* Begin XCRemoteSwiftPackageReference section */
		38B3A17128D11EC20080BFEE /* XCRemoteSwiftPackageReference "AlamofireImage" */ = {
			isa = XCRemoteSwiftPackageReference;
			repositoryURL = "https://github.com/Alamofire/AlamofireImage";
			requirement = {
				kind = upToNextMajorVersion;
				minimumVersion = 4.0.0;
			};
		};
/* End XCRemoteSwiftPackageReference section */

/* Begin XCSwiftPackageProductDependency section */
		38B3A17228D11EC20080BFEE /* AlamofireImage */ = {
			isa = XCSwiftPackageProductDependency;
			package = 38B3A17128D11EC20080BFEE /* XCRemoteSwiftPackageReference "AlamofireImage" */;
			productName = AlamofireImage;
		};
/* End XCSwiftPackageProductDependency section */
	};
	rootObject = 389B6D6528C93AAD00F4AAB0 /* Project object */;
}
